
Microsoft Visual Studio Solution File, Format Version 12.00
# Visual Studio Version 16
VisualStudioVersion = 16.0.31025.194
MinimumVisualStudioVersion = 10.0.40219.1
Project("{8BC9CEB8-8B4A-11D0-8D11-00A0C91BC942}") = "ex. 2.8 b)", "ex. 2.8 b).vcxproj", "{EDC26BD6-2905-4DB3-B6B9-C8EAE52E8066}"
EndProject
Global
	GlobalSection(SolutionConfigurationPlatforms) = preSolution
		Debug|x64 = Debug|x64
		Debug|x86 = Debug|x86
		Release|x64 = Release|x64
		Release|x86 = Release|x86
	EndGlobalSection
	GlobalSection(ProjectConfigurationPlatforms) = postSolution
		{EDC26BD6-2905-4DB3-B6B9-C8EAE52E8066}.Debug|x64.ActiveCfg = Debug|x64
		{EDC26BD6-2905-4DB3-B6B9-C8EAE52E8066}.Debug|x64.Build.0 = Debug|x64
		{EDC26BD6-2905-4DB3-B6B9-C8EAE52E8066}.Debug|x86.ActiveCfg = Debug|Win32
		{EDC26BD6-2905-4DB3-B6B9-C8EAE52E8066}.Debug|x86.Build.0 = Debug|Win32
		{EDC26BD6-2905-4DB3-B6B9-C8EAE52E8066}.Release|x64.ActiveCfg = Release|x64
		{EDC26BD6-2905-4DB3-B6B9-C8EAE52E8066}.Release|x64.Build.0 = Release|x64
		{EDC26BD6-2905-4DB3-B6B9-C8EAE52E8066}.Release|x86.ActiveCfg = Release|Win32
		{EDC26BD6-2905-4DB3-B6B9-C8EAE52E8066}.Release|x86.Build.0 = Release|Win32
	EndGlobalSection
	GlobalSection(SolutionProperties) = preSolution
		HideSolutionNode = FALSE
	EndGlobalSection
	GlobalSection(ExtensibilityGlobals) = postSolution
		SolutionGuid = {B8E04DF6-9B00-497F-A821-85277432868A}
	EndGlobalSection
EndGlobal
