
Microsoft Visual Studio Solution File, Format Version 12.00
# Visual Studio Version 16
VisualStudioVersion = 16.0.31229.75
MinimumVisualStudioVersion = 10.0.40219.1
Project("{8BC9CEB8-8B4A-11D0-8D11-00A0C91BC942}") = "Project 2 - RobotsGame (OOP)", "Project 2 - RobotsGame (OOP).vcxproj", "{99F1B3F1-5A99-444E-977F-48601A738D81}"
EndProject
Global
	GlobalSection(SolutionConfigurationPlatforms) = preSolution
		Debug|x64 = Debug|x64
		Debug|x86 = Debug|x86
		Release|x64 = Release|x64
		Release|x86 = Release|x86
	EndGlobalSection
	GlobalSection(ProjectConfigurationPlatforms) = postSolution
		{99F1B3F1-5A99-444E-977F-48601A738D81}.Debug|x64.ActiveCfg = Debug|x64
		{99F1B3F1-5A99-444E-977F-48601A738D81}.Debug|x64.Build.0 = Debug|x64
		{99F1B3F1-5A99-444E-977F-48601A738D81}.Debug|x86.ActiveCfg = Debug|Win32
		{99F1B3F1-5A99-444E-977F-48601A738D81}.Debug|x86.Build.0 = Debug|Win32
		{99F1B3F1-5A99-444E-977F-48601A738D81}.Release|x64.ActiveCfg = Release|x64
		{99F1B3F1-5A99-444E-977F-48601A738D81}.Release|x64.Build.0 = Release|x64
		{99F1B3F1-5A99-444E-977F-48601A738D81}.Release|x86.ActiveCfg = Release|Win32
		{99F1B3F1-5A99-444E-977F-48601A738D81}.Release|x86.Build.0 = Release|Win32
	EndGlobalSection
	GlobalSection(SolutionProperties) = preSolution
		HideSolutionNode = FALSE
	EndGlobalSection
	GlobalSection(ExtensibilityGlobals) = postSolution
		SolutionGuid = {3981B17F-8FF4-431E-9719-EEBE8821F2ED}
	EndGlobalSection
EndGlobal
