
Microsoft Visual Studio Solution File, Format Version 12.00
# Visual Studio Version 16
VisualStudioVersion = 16.0.31025.194
MinimumVisualStudioVersion = 10.0.40219.1
Project("{8BC9CEB8-8B4A-11D0-8D11-00A0C91BC942}") = "ex. 3.9 b)", "ex. 3.9 b).vcxproj", "{2105B78F-982D-4211-989A-0697B4C6A5BD}"
EndProject
Global
	GlobalSection(SolutionConfigurationPlatforms) = preSolution
		Debug|x64 = Debug|x64
		Debug|x86 = Debug|x86
		Release|x64 = Release|x64
		Release|x86 = Release|x86
	EndGlobalSection
	GlobalSection(ProjectConfigurationPlatforms) = postSolution
		{2105B78F-982D-4211-989A-0697B4C6A5BD}.Debug|x64.ActiveCfg = Debug|x64
		{2105B78F-982D-4211-989A-0697B4C6A5BD}.Debug|x64.Build.0 = Debug|x64
		{2105B78F-982D-4211-989A-0697B4C6A5BD}.Debug|x86.ActiveCfg = Debug|Win32
		{2105B78F-982D-4211-989A-0697B4C6A5BD}.Debug|x86.Build.0 = Debug|Win32
		{2105B78F-982D-4211-989A-0697B4C6A5BD}.Release|x64.ActiveCfg = Release|x64
		{2105B78F-982D-4211-989A-0697B4C6A5BD}.Release|x64.Build.0 = Release|x64
		{2105B78F-982D-4211-989A-0697B4C6A5BD}.Release|x86.ActiveCfg = Release|Win32
		{2105B78F-982D-4211-989A-0697B4C6A5BD}.Release|x86.Build.0 = Release|Win32
	EndGlobalSection
	GlobalSection(SolutionProperties) = preSolution
		HideSolutionNode = FALSE
	EndGlobalSection
	GlobalSection(ExtensibilityGlobals) = postSolution
		SolutionGuid = {966546CC-A08A-4D80-8BC5-862E01419475}
	EndGlobalSection
EndGlobal
