
Microsoft Visual Studio Solution File, Format Version 12.00
# Visual Studio Version 16
VisualStudioVersion = 16.0.31005.135
MinimumVisualStudioVersion = 10.0.40219.1
Project("{8BC9CEB8-8B4A-11D0-8D11-00A0C91BC942}") = "ex. 1.5 b)", "ex. 1.5 b).vcxproj", "{B829EAA6-0D93-449A-9CB9-27DABA2DAC83}"
EndProject
Global
	GlobalSection(SolutionConfigurationPlatforms) = preSolution
		Debug|x64 = Debug|x64
		Debug|x86 = Debug|x86
		Release|x64 = Release|x64
		Release|x86 = Release|x86
	EndGlobalSection
	GlobalSection(ProjectConfigurationPlatforms) = postSolution
		{B829EAA6-0D93-449A-9CB9-27DABA2DAC83}.Debug|x64.ActiveCfg = Debug|x64
		{B829EAA6-0D93-449A-9CB9-27DABA2DAC83}.Debug|x64.Build.0 = Debug|x64
		{B829EAA6-0D93-449A-9CB9-27DABA2DAC83}.Debug|x86.ActiveCfg = Debug|Win32
		{B829EAA6-0D93-449A-9CB9-27DABA2DAC83}.Debug|x86.Build.0 = Debug|Win32
		{B829EAA6-0D93-449A-9CB9-27DABA2DAC83}.Release|x64.ActiveCfg = Release|x64
		{B829EAA6-0D93-449A-9CB9-27DABA2DAC83}.Release|x64.Build.0 = Release|x64
		{B829EAA6-0D93-449A-9CB9-27DABA2DAC83}.Release|x86.ActiveCfg = Release|Win32
		{B829EAA6-0D93-449A-9CB9-27DABA2DAC83}.Release|x86.Build.0 = Release|Win32
	EndGlobalSection
	GlobalSection(SolutionProperties) = preSolution
		HideSolutionNode = FALSE
	EndGlobalSection
	GlobalSection(ExtensibilityGlobals) = postSolution
		SolutionGuid = {BBB91A12-279F-4105-80A9-FE6BD7282216}
	EndGlobalSection
EndGlobal
