
Microsoft Visual Studio Solution File, Format Version 12.00
# Visual Studio Version 16
VisualStudioVersion = 16.0.31025.194
MinimumVisualStudioVersion = 10.0.40219.1
Project("{8BC9CEB8-8B4A-11D0-8D11-00A0C91BC942}") = "Robots Game (project 1)", "Robots Game (project 1).vcxproj", "{C0B91550-7D4C-4181-BC98-23DBC6F7621B}"
EndProject
Global
	GlobalSection(SolutionConfigurationPlatforms) = preSolution
		Debug|x64 = Debug|x64
		Debug|x86 = Debug|x86
		Release|x64 = Release|x64
		Release|x86 = Release|x86
	EndGlobalSection
	GlobalSection(ProjectConfigurationPlatforms) = postSolution
		{C0B91550-7D4C-4181-BC98-23DBC6F7621B}.Debug|x64.ActiveCfg = Debug|x64
		{C0B91550-7D4C-4181-BC98-23DBC6F7621B}.Debug|x64.Build.0 = Debug|x64
		{C0B91550-7D4C-4181-BC98-23DBC6F7621B}.Debug|x86.ActiveCfg = Debug|Win32
		{C0B91550-7D4C-4181-BC98-23DBC6F7621B}.Debug|x86.Build.0 = Debug|Win32
		{C0B91550-7D4C-4181-BC98-23DBC6F7621B}.Release|x64.ActiveCfg = Release|x64
		{C0B91550-7D4C-4181-BC98-23DBC6F7621B}.Release|x64.Build.0 = Release|x64
		{C0B91550-7D4C-4181-BC98-23DBC6F7621B}.Release|x86.ActiveCfg = Release|Win32
		{C0B91550-7D4C-4181-BC98-23DBC6F7621B}.Release|x86.Build.0 = Release|Win32
	EndGlobalSection
	GlobalSection(SolutionProperties) = preSolution
		HideSolutionNode = FALSE
	EndGlobalSection
	GlobalSection(ExtensibilityGlobals) = postSolution
		SolutionGuid = {D41890CE-E69A-41EE-9A41-FD67A081D625}
	EndGlobalSection
EndGlobal
