
Microsoft Visual Studio Solution File, Format Version 12.00
# Visual Studio Version 16
VisualStudioVersion = 16.0.31025.194
MinimumVisualStudioVersion = 10.0.40219.1
Project("{8BC9CEB8-8B4A-11D0-8D11-00A0C91BC942}") = "ex. 2.8 a)", "ex. 2.8 a).vcxproj", "{9C98E5CD-EFA6-44E3-8149-7EDC66873D6F}"
EndProject
Global
	GlobalSection(SolutionConfigurationPlatforms) = preSolution
		Debug|x64 = Debug|x64
		Debug|x86 = Debug|x86
		Release|x64 = Release|x64
		Release|x86 = Release|x86
	EndGlobalSection
	GlobalSection(ProjectConfigurationPlatforms) = postSolution
		{9C98E5CD-EFA6-44E3-8149-7EDC66873D6F}.Debug|x64.ActiveCfg = Debug|x64
		{9C98E5CD-EFA6-44E3-8149-7EDC66873D6F}.Debug|x64.Build.0 = Debug|x64
		{9C98E5CD-EFA6-44E3-8149-7EDC66873D6F}.Debug|x86.ActiveCfg = Debug|Win32
		{9C98E5CD-EFA6-44E3-8149-7EDC66873D6F}.Debug|x86.Build.0 = Debug|Win32
		{9C98E5CD-EFA6-44E3-8149-7EDC66873D6F}.Release|x64.ActiveCfg = Release|x64
		{9C98E5CD-EFA6-44E3-8149-7EDC66873D6F}.Release|x64.Build.0 = Release|x64
		{9C98E5CD-EFA6-44E3-8149-7EDC66873D6F}.Release|x86.ActiveCfg = Release|Win32
		{9C98E5CD-EFA6-44E3-8149-7EDC66873D6F}.Release|x86.Build.0 = Release|Win32
	EndGlobalSection
	GlobalSection(SolutionProperties) = preSolution
		HideSolutionNode = FALSE
	EndGlobalSection
	GlobalSection(ExtensibilityGlobals) = postSolution
		SolutionGuid = {A32E2065-40EC-4C59-A50E-E171102BDA8E}
	EndGlobalSection
EndGlobal
